
Microsoft Visual Studio Solution File, Format Version 12.00
Project("{FAE04EC0-301F-11D3-BF4B-00C04F79EFBC}") = "BuirningProject", "BuirningProject\BuirningProject.csproj", "{BE188C5D-F3A0-48B7-9DEA-68F9A7691AB8}"
EndProject
Project("{FAE04EC0-301F-11D3-BF4B-00C04F79EFBC}") = "BurningProject.Models", "BurningProject.Models\BurningProject.Models.csproj", "{1FCADA79-AD63-4A6E-B578-F43100970790}"
EndProject
Project("{FAE04EC0-301F-11D3-BF4B-00C04F79EFBC}") = "BurningProject.DataAccess", "BurningProject.DataAccess\BurningProject.DataAccess.csproj", "{F673AA85-5120-43DB-B8CE-68A906C50669}"
EndProject
Project("{FAE04EC0-301F-11D3-BF4B-00C04F79EFBC}") = "BurningProjects.UnitTests", "BurningProjects.UnitTests\BurningProjects.UnitTests.csproj", "{801C21E3-D858-4BF0-AB98-1866A005C89B}"
EndProject
Global
	GlobalSection(SolutionConfigurationPlatforms) = preSolution
		Debug|Any CPU = Debug|Any CPU
		Release|Any CPU = Release|Any CPU
	EndGlobalSection
	GlobalSection(ProjectConfigurationPlatforms) = postSolution
		{BE188C5D-F3A0-48B7-9DEA-68F9A7691AB8}.Debug|Any CPU.ActiveCfg = Debug|Any CPU
		{BE188C5D-F3A0-48B7-9DEA-68F9A7691AB8}.Debug|Any CPU.Build.0 = Debug|Any CPU
		{BE188C5D-F3A0-48B7-9DEA-68F9A7691AB8}.Release|Any CPU.ActiveCfg = Release|Any CPU
		{BE188C5D-F3A0-48B7-9DEA-68F9A7691AB8}.Release|Any CPU.Build.0 = Release|Any CPU
		{1FCADA79-AD63-4A6E-B578-F43100970790}.Debug|Any CPU.ActiveCfg = Debug|Any CPU
		{1FCADA79-AD63-4A6E-B578-F43100970790}.Debug|Any CPU.Build.0 = Debug|Any CPU
		{1FCADA79-AD63-4A6E-B578-F43100970790}.Release|Any CPU.ActiveCfg = Release|Any CPU
		{1FCADA79-AD63-4A6E-B578-F43100970790}.Release|Any CPU.Build.0 = Release|Any CPU
		{F673AA85-5120-43DB-B8CE-68A906C50669}.Debug|Any CPU.ActiveCfg = Debug|Any CPU
		{F673AA85-5120-43DB-B8CE-68A906C50669}.Debug|Any CPU.Build.0 = Debug|Any CPU
		{F673AA85-5120-43DB-B8CE-68A906C50669}.Release|Any CPU.ActiveCfg = Release|Any CPU
		{F673AA85-5120-43DB-B8CE-68A906C50669}.Release|Any CPU.Build.0 = Release|Any CPU
		{801C21E3-D858-4BF0-AB98-1866A005C89B}.Debug|Any CPU.ActiveCfg = Debug|Any CPU
		{801C21E3-D858-4BF0-AB98-1866A005C89B}.Debug|Any CPU.Build.0 = Debug|Any CPU
		{801C21E3-D858-4BF0-AB98-1866A005C89B}.Release|Any CPU.ActiveCfg = Release|Any CPU
		{801C21E3-D858-4BF0-AB98-1866A005C89B}.Release|Any CPU.Build.0 = Release|Any CPU
	EndGlobalSection
EndGlobal
